
Microsoft Visual Studio Solution File, Format Version 12.00
# Visual Studio Version 17
VisualStudioVersion = 17.3.32929.385
MinimumVisualStudioVersion = 10.0.40219.1
Project("{9A19103F-16F7-4668-BE54-9A1E7A4F7556}") = "XVNMLStd", "XVNMLStd\XVNMLStd.csproj", "{863107BF-242E-4D5A-89AB-00BAB6F1110D}"
EndProject
Project("{9A19103F-16F7-4668-BE54-9A1E7A4F7556}") = "XVNMLConsoleAppSample", "..\..\XVNML\ConsoleExample\XVNMLConsoleAppSample.csproj", "{40FFB602-9C9D-479D-974B-06F44AFFCF51}"
EndProject
Global
	GlobalSection(SolutionConfigurationPlatforms) = preSolution
		Debug|Any CPU = Debug|Any CPU
		Release|Any CPU = Release|Any CPU
	EndGlobalSection
	GlobalSection(ProjectConfigurationPlatforms) = postSolution
		{863107BF-242E-4D5A-89AB-00BAB6F1110D}.Debug|Any CPU.ActiveCfg = Debug|Any CPU
		{863107BF-242E-4D5A-89AB-00BAB6F1110D}.Debug|Any CPU.Build.0 = Debug|Any CPU
		{863107BF-242E-4D5A-89AB-00BAB6F1110D}.Release|Any CPU.ActiveCfg = Release|Any CPU
		{863107BF-242E-4D5A-89AB-00BAB6F1110D}.Release|Any CPU.Build.0 = Release|Any CPU
		{40FFB602-9C9D-479D-974B-06F44AFFCF51}.Debug|Any CPU.ActiveCfg = Debug|Any CPU
		{40FFB602-9C9D-479D-974B-06F44AFFCF51}.Debug|Any CPU.Build.0 = Debug|Any CPU
		{40FFB602-9C9D-479D-974B-06F44AFFCF51}.Release|Any CPU.ActiveCfg = Release|Any CPU
		{40FFB602-9C9D-479D-974B-06F44AFFCF51}.Release|Any CPU.Build.0 = Release|Any CPU
	EndGlobalSection
	GlobalSection(SolutionProperties) = preSolution
		HideSolutionNode = FALSE
	EndGlobalSection
	GlobalSection(ExtensibilityGlobals) = postSolution
		SolutionGuid = {3DF5D0C3-745C-40BB-8AD1-7220B9B7E4D9}
	EndGlobalSection
EndGlobal
